
Microsoft Visual Studio Solution File, Format Version 12.00
# Visual Studio Version 16
VisualStudioVersion = 16.0.31424.327
MinimumVisualStudioVersion = 10.0.40219.1
Project("{FAE04EC0-301F-11D3-BF4B-00C04F79EFBC}") = "QSImplementation", "QAE_Test\QSImplementation.csproj", "{BF97F47F-19BA-4B85-A596-0DEC273D6D67}"
EndProject
Global
	GlobalSection(SolutionConfigurationPlatforms) = preSolution
		Debug|Any CPU = Debug|Any CPU
		Release|Any CPU = Release|Any CPU
	EndGlobalSection
	GlobalSection(ProjectConfigurationPlatforms) = postSolution
		{BF97F47F-19BA-4B85-A596-0DEC273D6D67}.Debug|Any CPU.ActiveCfg = Debug|Any CPU
		{BF97F47F-19BA-4B85-A596-0DEC273D6D67}.Debug|Any CPU.Build.0 = Debug|Any CPU
		{BF97F47F-19BA-4B85-A596-0DEC273D6D67}.Release|Any CPU.ActiveCfg = Release|Any CPU
		{BF97F47F-19BA-4B85-A596-0DEC273D6D67}.Release|Any CPU.Build.0 = Release|Any CPU
	EndGlobalSection
	GlobalSection(SolutionProperties) = preSolution
		HideSolutionNode = FALSE
	EndGlobalSection
	GlobalSection(ExtensibilityGlobals) = postSolution
		SolutionGuid = {A042C4E5-6DD5-4201-8C29-DC5B1B663F67}
	EndGlobalSection
EndGlobal
